// !$*UTF8*$!
{
	archiveVersion = 1;
	classes = {
	};
	objectVersion = 46;
	objects = {

/* Begin PBXBuildFile section */
		042893111E5554FD00F3683C /* JWPlayer-iOS-SDK.framework in Frameworks */ = {isa = PBXBuildFile; fileRef = 042893101E5554FD00F3683C /* JWPlayer-iOS-SDK.framework */; };
		043AC4661E56F3D6007213DD /* RTCJWPlayerViewManager.m in Sources */ = {isa = PBXBuildFile; fileRef = 043AC4651E56F3D6007213DD /* RTCJWPlayerViewManager.m */; };
		043AC4691E56FDB4007213DD /* JWPlayerView.m in Sources */ = {isa = PBXBuildFile; fileRef = 043AC4681E56FDB4007213DD /* JWPlayerView.m */; };
		04BC7E911E577F8E001159BF /* JWPlayerDelegateProxy.m in Sources */ = {isa = PBXBuildFile; fileRef = 04BC7E901E577F8E001159BF /* JWPlayerDelegateProxy.m */; };
/* End PBXBuildFile section */

/* Begin PBXCopyFilesBuildPhase section */
		042893011E55524C00F3683C /* CopyFiles */ = {
			isa = PBXCopyFilesBuildPhase;
			buildActionMask = 2147483647;
			dstPath = "include/$(PRODUCT_NAME)";
			dstSubfolderSpec = 16;
			files = (
			);
			runOnlyForDeploymentPostprocessing = 0;
		};
/* End PBXCopyFilesBuildPhase section */

/* Begin PBXFileReference section */
		042893031E55524C00F3683C /* libRCTJWPlayer.a */ = {isa = PBXFileReference; explicitFileType = archive.ar; includeInIndex = 0; path = libRCTJWPlayer.a; sourceTree = BUILT_PRODUCTS_DIR; };
		042893101E5554FD00F3683C /* JWPlayer-iOS-SDK.framework */ = {isa = PBXFileReference; lastKnownFileType = wrapper.framework; name = "JWPlayer-iOS-SDK.framework"; path = "lib/JWPlayer-iOS-SDK.framework"; sourceTree = "<group>"; };
		043AC4641E56F3D6007213DD /* RTCJWPlayerViewManager.h */ = {isa = PBXFileReference; fileEncoding = 4; lastKnownFileType = sourcecode.c.h; path = RTCJWPlayerViewManager.h; sourceTree = "<group>"; };
		043AC4651E56F3D6007213DD /* RTCJWPlayerViewManager.m */ = {isa = PBXFileReference; fileEncoding = 4; lastKnownFileType = sourcecode.c.objc; path = RTCJWPlayerViewManager.m; sourceTree = "<group>"; };
		043AC4671E56FDB4007213DD /* JWPlayerView.h */ = {isa = PBXFileReference; fileEncoding = 4; lastKnownFileType = sourcecode.c.h; path = JWPlayerView.h; sourceTree = "<group>"; };
		043AC4681E56FDB4007213DD /* JWPlayerView.m */ = {isa = PBXFileReference; fileEncoding = 4; lastKnownFileType = sourcecode.c.objc; path = JWPlayerView.m; sourceTree = "<group>"; };
		04BC7E8F1E577F8E001159BF /* JWPlayerDelegateProxy.h */ = {isa = PBXFileReference; fileEncoding = 4; lastKnownFileType = sourcecode.c.h; path = JWPlayerDelegateProxy.h; sourceTree = "<group>"; };
		04BC7E901E577F8E001159BF /* JWPlayerDelegateProxy.m */ = {isa = PBXFileReference; fileEncoding = 4; lastKnownFileType = sourcecode.c.objc; path = JWPlayerDelegateProxy.m; sourceTree = "<group>"; };
/* End PBXFileReference section */

/* Begin PBXFrameworksBuildPhase section */
		042893001E55524C00F3683C /* Frameworks */ = {
			isa = PBXFrameworksBuildPhase;
			buildActionMask = 2147483647;
			files = (
				042893111E5554FD00F3683C /* JWPlayer-iOS-SDK.framework in Frameworks */,
			);
			runOnlyForDeploymentPostprocessing = 0;
		};
/* End PBXFrameworksBuildPhase section */

/* Begin PBXGroup section */
		042892FA1E55524C00F3683C = {
			isa = PBXGroup;
			children = (
				042893051E55524C00F3683C /* RCTJWPlayer */,
				042893041E55524C00F3683C /* Products */,
				0428930F1E5554FC00F3683C /* Frameworks */,
			);
			sourceTree = "<group>";
		};
		042893041E55524C00F3683C /* Products */ = {
			isa = PBXGroup;
			children = (
				042893031E55524C00F3683C /* libRCTJWPlayer.a */,
			);
			name = Products;
			sourceTree = "<group>";
		};
		042893051E55524C00F3683C /* RCTJWPlayer */ = {
			isa = PBXGroup;
			children = (
				043AC4641E56F3D6007213DD /* RTCJWPlayerViewManager.h */,
				043AC4651E56F3D6007213DD /* RTCJWPlayerViewManager.m */,
				043AC4671E56FDB4007213DD /* JWPlayerView.h */,
				043AC4681E56FDB4007213DD /* JWPlayerView.m */,
				04BC7E8F1E577F8E001159BF /* JWPlayerDelegateProxy.h */,
				04BC7E901E577F8E001159BF /* JWPlayerDelegateProxy.m */,
			);
			path = RCTJWPlayer;
			sourceTree = "<group>";
		};
		0428930F1E5554FC00F3683C /* Frameworks */ = {
			isa = PBXGroup;
			children = (
				042893101E5554FD00F3683C /* JWPlayer-iOS-SDK.framework */,
			);
			name = Frameworks;
			sourceTree = "<group>";
		};
/* End PBXGroup section */

/* Begin PBXNativeTarget section */
		042893021E55524C00F3683C /* RCTJWPlayer */ = {
			isa = PBXNativeTarget;
			buildConfigurationList = 0428930C1E55524C00F3683C /* Build configuration list for PBXNativeTarget "RCTJWPlayer" */;
			buildPhases = (
				042892FF1E55524C00F3683C /* Sources */,
				042893001E55524C00F3683C /* Frameworks */,
				042893011E55524C00F3683C /* CopyFiles */,
			);
			buildRules = (
			);
			dependencies = (
			);
			name = RCTJWPlayer;
			productName = RCTJWPlayer;
			productReference = 042893031E55524C00F3683C /* libRCTJWPlayer.a */;
			productType = "com.apple.product-type.library.static";
		};
/* End PBXNativeTarget section */

/* Begin PBXProject section */
		042892FB1E55524C00F3683C /* Project object */ = {
			isa = PBXProject;
			attributes = {
				LastUpgradeCheck = 0820;
				ORGANIZATIONNAME = wilead;
				TargetAttributes = {
					042893021E55524C00F3683C = {
						CreatedOnToolsVersion = 8.2.1;
						ProvisioningStyle = Automatic;
					};
				};
			};
			buildConfigurationList = 042892FE1E55524C00F3683C /* Build configuration list for PBXProject "RCTJWPlayer" */;
			compatibilityVersion = "Xcode 3.2";
			developmentRegion = English;
			hasScannedForEncodings = 0;
			knownRegions = (
				en,
			);
			mainGroup = 042892FA1E55524C00F3683C;
			productRefGroup = 042893041E55524C00F3683C /* Products */;
			projectDirPath = "";
			projectRoot = "";
			targets = (
				042893021E55524C00F3683C /* RCTJWPlayer */,
			);
		};
/* End PBXProject section */

/* Begin PBXSourcesBuildPhase section */
		042892FF1E55524C00F3683C /* Sources */ = {
			isa = PBXSourcesBuildPhase;
			buildActionMask = 2147483647;
			files = (
				043AC4691E56FDB4007213DD /* JWPlayerView.m in Sources */,
				043AC4661E56F3D6007213DD /* RTCJWPlayerViewManager.m in Sources */,
				04BC7E911E577F8E001159BF /* JWPlayerDelegateProxy.m in Sources */,
			);
			runOnlyForDeploymentPostprocessing = 0;
		};
/* End PBXSourcesBuildPhase section */

/* Begin XCBuildConfiguration section */
		0428930A1E55524C00F3683C /* Debug */ = {
			isa = XCBuildConfiguration;
			buildSettings = {
				ALWAYS_SEARCH_USER_PATHS = NO;
				CLANG_ANALYZER_NONNULL = YES;
				CLANG_CXX_LANGUAGE_STANDARD = "gnu++0x";
				CLANG_CXX_LIBRARY = "libc++";
				CLANG_ENABLE_MODULES = YES;
				CLANG_ENABLE_OBJC_ARC = YES;
				CLANG_WARN_BOOL_CONVERSION = YES;
				CLANG_WARN_CONSTANT_CONVERSION = YES;
				CLANG_WARN_DIRECT_OBJC_ISA_USAGE = YES_ERROR;
				CLANG_WARN_DOCUMENTATION_COMMENTS = YES;
				CLANG_WARN_EMPTY_BODY = YES;
				CLANG_WARN_ENUM_CONVERSION = YES;
				CLANG_WARN_INFINITE_RECURSION = YES;
				CLANG_WARN_INT_CONVERSION = YES;
				CLANG_WARN_OBJC_ROOT_CLASS = YES_ERROR;
				CLANG_WARN_SUSPICIOUS_MOVE = YES;
				CLANG_WARN_UNREACHABLE_CODE = YES;
				CLANG_WARN__DUPLICATE_METHOD_MATCH = YES;
				"CODE_SIGN_IDENTITY[sdk=iphoneos*]" = "iPhone Developer";
				COPY_PHASE_STRIP = NO;
				DEBUG_INFORMATION_FORMAT = dwarf;
				ENABLE_STRICT_OBJC_MSGSEND = YES;
				ENABLE_TESTABILITY = YES;
				GCC_C_LANGUAGE_STANDARD = gnu99;
				GCC_DYNAMIC_NO_PIC = NO;
				GCC_NO_COMMON_BLOCKS = YES;
				GCC_OPTIMIZATION_LEVEL = 0;
				GCC_PREPROCESSOR_DEFINITIONS = (
					"DEBUG=1",
					"$(inherited)",
				);
				GCC_WARN_64_TO_32_BIT_CONVERSION = YES;
				GCC_WARN_ABOUT_RETURN_TYPE = YES_ERROR;
				GCC_WARN_UNDECLARED_SELECTOR = YES;
				GCC_WARN_UNINITIALIZED_AUTOS = YES_AGGRESSIVE;
				GCC_WARN_UNUSED_FUNCTION = YES;
				GCC_WARN_UNUSED_VARIABLE = YES;
				IPHONEOS_DEPLOYMENT_TARGET = 10.2;
				MTL_ENABLE_DEBUG_INFO = YES;
				ONLY_ACTIVE_ARCH = YES;
				SDKROOT = iphoneos;
			};
			name = Debug;
		};
		0428930B1E55524C00F3683C /* Release */ = {
			isa = XCBuildConfiguration;
			buildSettings = {
				ALWAYS_SEARCH_USER_PATHS = NO;
				CLANG_ANALYZER_NONNULL = YES;
				CLANG_CXX_LANGUAGE_STANDARD = "gnu++0x";
				CLANG_CXX_LIBRARY = "libc++";
				CLANG_ENABLE_MODULES = YES;
				CLANG_ENABLE_OBJC_ARC = YES;
				CLANG_WARN_BOOL_CONVERSION = YES;
				CLANG_WARN_CONSTANT_CONVERSION = YES;
				CLANG_WARN_DIRECT_OBJC_ISA_USAGE = YES_ERROR;
				CLANG_WARN_DOCUMENTATION_COMMENTS = YES;
				CLANG_WARN_EMPTY_BODY = YES;
				CLANG_WARN_ENUM_CONVERSION = YES;
				CLANG_WARN_INFINITE_RECURSION = YES;
				CLANG_WARN_INT_CONVERSION = YES;
				CLANG_WARN_OBJC_ROOT_CLASS = YES_ERROR;
				CLANG_WARN_SUSPICIOUS_MOVE = YES;
				CLANG_WARN_UNREACHABLE_CODE = YES;
				CLANG_WARN__DUPLICATE_METHOD_MATCH = YES;
				"CODE_SIGN_IDENTITY[sdk=iphoneos*]" = "iPhone Developer";
				COPY_PHASE_STRIP = NO;
				DEBUG_INFORMATION_FORMAT = "dwarf-with-dsym";
				ENABLE_NS_ASSERTIONS = NO;
				ENABLE_STRICT_OBJC_MSGSEND = YES;
				GCC_C_LANGUAGE_STANDARD = gnu99;
				GCC_NO_COMMON_BLOCKS = YES;
				GCC_WARN_64_TO_32_BIT_CONVERSION = YES;
				GCC_WARN_ABOUT_RETURN_TYPE = YES_ERROR;
				GCC_WARN_UNDECLARED_SELECTOR = YES;
				GCC_WARN_UNINITIALIZED_AUTOS = YES_AGGRESSIVE;
				GCC_WARN_UNUSED_FUNCTION = YES;
				GCC_WARN_UNUSED_VARIABLE = YES;
				IPHONEOS_DEPLOYMENT_TARGET = 10.2;
				MTL_ENABLE_DEBUG_INFO = NO;
				SDKROOT = iphoneos;
				VALIDATE_PRODUCT = YES;
			};
			name = Release;
		};
		0428930D1E55524C00F3683C /* Debug */ = {
			isa = XCBuildConfiguration;
			buildSettings = {
				FRAMEWORK_SEARCH_PATHS = (
					"$(inherited)",
					"$(SRCROOT)/lib",
				);
				HEADER_SEARCH_PATHS = (
					"$(inherited)",
					"$(SRCROOT)/../../react-native/React/**",
					"$(SRCROOT)/../../react-native/Libraries/**",
				);
				OTHER_LDFLAGS = "-ObjC";
				PRODUCT_NAME = "$(TARGET_NAME)";
				SKIP_INSTALL = YES;
			};
			name = Debug;
		};
		0428930E1E55524C00F3683C /* Release */ = {
			isa = XCBuildConfiguration;
			buildSettings = {
				FRAMEWORK_SEARCH_PATHS = (
					"$(inherited)",
					"$(SRCROOT)/lib",
				);
				HEADER_SEARCH_PATHS = (
					"$(inherited)",
					"$(SRCROOT)/../../react-native/React/**",
					"$(SRCROOT)/../../react-native/Libraries/**",
				);
				OTHER_LDFLAGS = "-ObjC";
				PRODUCT_NAME = "$(TARGET_NAME)";
				SKIP_INSTALL = YES;
			};
			name = Release;
		};
/* End XCBuildConfiguration section */

/* Begin XCConfigurationList section */
		042892FE1E55524C00F3683C /* Build configuration list for PBXProject "RCTJWPlayer" */ = {
			isa = XCConfigurationList;
			buildConfigurations = (
				0428930A1E55524C00F3683C /* Debug */,
				0428930B1E55524C00F3683C /* Release */,
			);
			defaultConfigurationIsVisible = 0;
			defaultConfigurationName = Release;
		};
		0428930C1E55524C00F3683C /* Build configuration list for PBXNativeTarget "RCTJWPlayer" */ = {
			isa = XCConfigurationList;
			buildConfigurations = (
				0428930D1E55524C00F3683C /* Debug */,
				0428930E1E55524C00F3683C /* Release */,
			);
			defaultConfigurationIsVisible = 0;
			defaultConfigurationName = Release;
		};
/* End XCConfigurationList section */
	};
	rootObject = 042892FB1E55524C00F3683C /* Project object */;
}
